
Microsoft Visual Studio Solution File, Format Version 11.00
# Visual Studio 2010
Project("{FAE04EC0-301F-11D3-BF4B-00C04F79EFBC}") = "Rifts of the Sea", "Assembly-CSharp-firstpass.csproj", "{D8A42320-8DCE-0332-8C09-DF6C19B16FA0}"
EndProject
Project("{FAE04EC0-301F-11D3-BF4B-00C04F79EFBC}") = "Rifts of the Sea", "Assembly-CSharp.csproj", "{BCFCB4B2-4D30-68EF-B9F3-24072B16405A}"
EndProject
Project("{FAE04EC0-301F-11D3-BF4B-00C04F79EFBC}") = "Rifts of the Sea", "Assembly-CSharp-Editor.csproj", "{D79012AF-FCD8-FE8B-4E23-BFDDA87A5787}"
EndProject
Global
	GlobalSection(SolutionConfigurationPlatforms) = preSolution
		Debug|Any CPU = Debug|Any CPU
		Release|Any CPU = Release|Any CPU
	EndGlobalSection
	GlobalSection(ProjectConfigurationPlatforms) = postSolution
		{D8A42320-8DCE-0332-8C09-DF6C19B16FA0}.Debug|Any CPU.ActiveCfg = Debug|Any CPU
		{D8A42320-8DCE-0332-8C09-DF6C19B16FA0}.Debug|Any CPU.Build.0 = Debug|Any CPU
		{D8A42320-8DCE-0332-8C09-DF6C19B16FA0}.Release|Any CPU.ActiveCfg = Release|Any CPU
		{D8A42320-8DCE-0332-8C09-DF6C19B16FA0}.Release|Any CPU.Build.0 = Release|Any CPU
		{BCFCB4B2-4D30-68EF-B9F3-24072B16405A}.Debug|Any CPU.ActiveCfg = Debug|Any CPU
		{BCFCB4B2-4D30-68EF-B9F3-24072B16405A}.Debug|Any CPU.Build.0 = Debug|Any CPU
		{BCFCB4B2-4D30-68EF-B9F3-24072B16405A}.Release|Any CPU.ActiveCfg = Release|Any CPU
		{BCFCB4B2-4D30-68EF-B9F3-24072B16405A}.Release|Any CPU.Build.0 = Release|Any CPU
		{D79012AF-FCD8-FE8B-4E23-BFDDA87A5787}.Debug|Any CPU.ActiveCfg = Debug|Any CPU
		{D79012AF-FCD8-FE8B-4E23-BFDDA87A5787}.Debug|Any CPU.Build.0 = Debug|Any CPU
		{D79012AF-FCD8-FE8B-4E23-BFDDA87A5787}.Release|Any CPU.ActiveCfg = Release|Any CPU
		{D79012AF-FCD8-FE8B-4E23-BFDDA87A5787}.Release|Any CPU.Build.0 = Release|Any CPU
	EndGlobalSection
	GlobalSection(SolutionProperties) = preSolution
		HideSolutionNode = FALSE
	EndGlobalSection
	GlobalSection(MonoDevelopProperties) = preSolution
		StartupItem = Assembly-CSharp.csproj
	EndGlobalSection
EndGlobal
